// !$*UTF8*$!
{
	archiveVersion = 1;
	classes = {
	};
	objectVersion = 46;
	objects = {

/* Begin PBXBuildFile section */
		9ED85C101F1747990050883F /* AppDelegate.swift in Sources */ = {isa = PBXBuildFile; fileRef = 9ED85C0F1F1747990050883F /* AppDelegate.swift */; };
		9ED85C121F1747990050883F /* ViewController.swift in Sources */ = {isa = PBXBuildFile; fileRef = 9ED85C111F1747990050883F /* ViewController.swift */; };
		9ED85C151F1747990050883F /* Main.storyboard in Resources */ = {isa = PBXBuildFile; fileRef = 9ED85C131F1747990050883F /* Main.storyboard */; };
		9ED85C171F1747990050883F /* Assets.xcassets in Resources */ = {isa = PBXBuildFile; fileRef = 9ED85C161F1747990050883F /* Assets.xcassets */; };
		9ED85C1A1F1747990050883F /* LaunchScreen.storyboard in Resources */ = {isa = PBXBuildFile; fileRef = 9ED85C181F1747990050883F /* LaunchScreen.storyboard */; };
		9ED85C251F1747990050883F /* SampleTests.swift in Sources */ = {isa = PBXBuildFile; fileRef = 9ED85C241F1747990050883F /* SampleTests.swift */; };
		9ED85C301F1747990050883F /* SampleUITests.swift in Sources */ = {isa = PBXBuildFile; fileRef = 9ED85C2F1F1747990050883F /* SampleUITests.swift */; };
/* End PBXBuildFile section */

/* Begin PBXContainerItemProxy section */
		9ED85C211F1747990050883F /* PBXContainerItemProxy */ = {
			isa = PBXContainerItemProxy;
			containerPortal = 9ED85C041F1747990050883F /* Project object */;
			proxyType = 1;
			remoteGlobalIDString = 9ED85C0B1F1747990050883F;
			remoteInfo = Sample;
		};
		9ED85C2C1F1747990050883F /* PBXContainerItemProxy */ = {
			isa = PBXContainerItemProxy;
			containerPortal = 9ED85C041F1747990050883F /* Project object */;
			proxyType = 1;
			remoteGlobalIDString = 9ED85C0B1F1747990050883F;
			remoteInfo = Sample;
		};
/* End PBXContainerItemProxy section */

/* Begin PBXFileReference section */
		9ED85C0C1F1747990050883F /* Sample.app */ = {isa = PBXFileReference; explicitFileType = wrapper.application; includeInIndex = 0; path = Sample.app; sourceTree = BUILT_PRODUCTS_DIR; };
		9ED85C0F1F1747990050883F /* AppDelegate.swift */ = {isa = PBXFileReference; lastKnownFileType = sourcecode.swift; path = AppDelegate.swift; sourceTree = "<group>"; };
		9ED85C111F1747990050883F /* ViewController.swift */ = {isa = PBXFileReference; lastKnownFileType = sourcecode.swift; path = ViewController.swift; sourceTree = "<group>"; };
		9ED85C141F1747990050883F /* Base */ = {isa = PBXFileReference; lastKnownFileType = file.storyboard; name = Base; path = Base.lproj/Main.storyboard; sourceTree = "<group>"; };
		9ED85C161F1747990050883F /* Assets.xcassets */ = {isa = PBXFileReference; lastKnownFileType = folder.assetcatalog; path = Assets.xcassets; sourceTree = "<group>"; };
		9ED85C191F1747990050883F /* Base */ = {isa = PBXFileReference; lastKnownFileType = file.storyboard; name = Base; path = Base.lproj/LaunchScreen.storyboard; sourceTree = "<group>"; };
		9ED85C1B1F1747990050883F /* Info.plist */ = {isa = PBXFileReference; lastKnownFileType = text.plist.xml; path = Info.plist; sourceTree = "<group>"; };
		9ED85C201F1747990050883F /* SampleTests.xctest */ = {isa = PBXFileReference; explicitFileType = wrapper.cfbundle; includeInIndex = 0; path = SampleTests.xctest; sourceTree = BUILT_PRODUCTS_DIR; };
		9ED85C241F1747990050883F /* SampleTests.swift */ = {isa = PBXFileReference; lastKnownFileType = sourcecode.swift; path = SampleTests.swift; sourceTree = "<group>"; };
		9ED85C261F1747990050883F /* Info.plist */ = {isa = PBXFileReference; lastKnownFileType = text.plist.xml; path = Info.plist; sourceTree = "<group>"; };
		9ED85C2B1F1747990050883F /* SampleUITests.xctest */ = {isa = PBXFileReference; explicitFileType = wrapper.cfbundle; includeInIndex = 0; path = SampleUITests.xctest; sourceTree = BUILT_PRODUCTS_DIR; };
		9ED85C2F1F1747990050883F /* SampleUITests.swift */ = {isa = PBXFileReference; lastKnownFileType = sourcecode.swift; path = SampleUITests.swift; sourceTree = "<group>"; };
		9ED85C311F1747990050883F /* Info.plist */ = {isa = PBXFileReference; lastKnownFileType = text.plist.xml; path = Info.plist; sourceTree = "<group>"; };
		9ED85C401F1754170050883F /* Sample.entitlements */ = {isa = PBXFileReference; lastKnownFileType = text.plist.entitlements; path = Sample.entitlements; sourceTree = "<group>"; };
/* End PBXFileReference section */

/* Begin PBXFrameworksBuildPhase section */
		9ED85C091F1747990050883F /* Frameworks */ = {
			isa = PBXFrameworksBuildPhase;
			buildActionMask = 2147483647;
			files = (
			);
			runOnlyForDeploymentPostprocessing = 0;
		};
		9ED85C1D1F1747990050883F /* Frameworks */ = {
			isa = PBXFrameworksBuildPhase;
			buildActionMask = 2147483647;
			files = (
			);
			runOnlyForDeploymentPostprocessing = 0;
		};
		9ED85C281F1747990050883F /* Frameworks */ = {
			isa = PBXFrameworksBuildPhase;
			buildActionMask = 2147483647;
			files = (
			);
			runOnlyForDeploymentPostprocessing = 0;
		};
/* End PBXFrameworksBuildPhase section */

/* Begin PBXGroup section */
		9ED85C031F1747990050883F = {
			isa = PBXGroup;
			children = (
				9ED85C0E1F1747990050883F /* Sample */,
				9ED85C231F1747990050883F /* SampleTests */,
				9ED85C2E1F1747990050883F /* SampleUITests */,
				9ED85C0D1F1747990050883F /* Products */,
				9ED85C3D1F1754170050883F /* Frameworks */,
			);
			sourceTree = "<group>";
		};
		9ED85C0D1F1747990050883F /* Products */ = {
			isa = PBXGroup;
			children = (
				9ED85C0C1F1747990050883F /* Sample.app */,
				9ED85C201F1747990050883F /* SampleTests.xctest */,
				9ED85C2B1F1747990050883F /* SampleUITests.xctest */,
			);
			name = Products;
			sourceTree = "<group>";
		};
		9ED85C0E1F1747990050883F /* Sample */ = {
			isa = PBXGroup;
			children = (
				9ED85C401F1754170050883F /* Sample.entitlements */,
				9ED85C0F1F1747990050883F /* AppDelegate.swift */,
				9ED85C111F1747990050883F /* ViewController.swift */,
				9ED85C131F1747990050883F /* Main.storyboard */,
				9ED85C161F1747990050883F /* Assets.xcassets */,
				9ED85C181F1747990050883F /* LaunchScreen.storyboard */,
				9ED85C1B1F1747990050883F /* Info.plist */,
			);
			path = Sample;
			sourceTree = "<group>";
		};
		9ED85C231F1747990050883F /* SampleTests */ = {
			isa = PBXGroup;
			children = (
				9ED85C241F1747990050883F /* SampleTests.swift */,
				9ED85C261F1747990050883F /* Info.plist */,
			);
			path = SampleTests;
			sourceTree = "<group>";
		};
		9ED85C2E1F1747990050883F /* SampleUITests */ = {
			isa = PBXGroup;
			children = (
				9ED85C2F1F1747990050883F /* SampleUITests.swift */,
				9ED85C311F1747990050883F /* Info.plist */,
			);
			path = SampleUITests;
			sourceTree = "<group>";
		};
		9ED85C3D1F1754170050883F /* Frameworks */ = {
			isa = PBXGroup;
			children = (
			);
			name = Frameworks;
			sourceTree = "<group>";
		};
/* End PBXGroup section */

/* Begin PBXNativeTarget section */
		9ED85C0B1F1747990050883F /* Sample */ = {
			isa = PBXNativeTarget;
			buildConfigurationList = 9ED85C341F1747990050883F /* Build configuration list for PBXNativeTarget "Sample" */;
			buildPhases = (
				9ED85C081F1747990050883F /* Sources */,
				9ED85C091F1747990050883F /* Frameworks */,
				9ED85C0A1F1747990050883F /* Resources */,
			);
			buildRules = (
			);
			dependencies = (
			);
			name = Sample;
			productName = Sample;
			productReference = 9ED85C0C1F1747990050883F /* Sample.app */;
			productType = "com.apple.product-type.application";
		};
		9ED85C1F1F1747990050883F /* SampleTests */ = {
			isa = PBXNativeTarget;
			buildConfigurationList = 9ED85C371F1747990050883F /* Build configuration list for PBXNativeTarget "SampleTests" */;
			buildPhases = (
				9ED85C1C1F1747990050883F /* Sources */,
				9ED85C1D1F1747990050883F /* Frameworks */,
				9ED85C1E1F1747990050883F /* Resources */,
			);
			buildRules = (
			);
			dependencies = (
				9ED85C221F1747990050883F /* PBXTargetDependency */,
			);
			name = SampleTests;
			productName = SampleTests;
			productReference = 9ED85C201F1747990050883F /* SampleTests.xctest */;
			productType = "com.apple.product-type.bundle.unit-test";
		};
		9ED85C2A1F1747990050883F /* SampleUITests */ = {
			isa = PBXNativeTarget;
			buildConfigurationList = 9ED85C3A1F1747990050883F /* Build configuration list for PBXNativeTarget "SampleUITests" */;
			buildPhases = (
				9ED85C271F1747990050883F /* Sources */,
				9ED85C281F1747990050883F /* Frameworks */,
				9ED85C291F1747990050883F /* Resources */,
			);
			buildRules = (
			);
			dependencies = (
				9ED85C2D1F1747990050883F /* PBXTargetDependency */,
			);
			name = SampleUITests;
			productName = SampleUITests;
			productReference = 9ED85C2B1F1747990050883F /* SampleUITests.xctest */;
			productType = "com.apple.product-type.bundle.ui-testing";
		};
/* End PBXNativeTarget section */

/* Begin PBXProject section */
		9ED85C041F1747990050883F /* Project object */ = {
			isa = PBXProject;
			attributes = {
				LastSwiftUpdateCheck = 0830;
				LastUpgradeCheck = 0830;
				ORGANIZATIONNAME = "DA-Administrator";
				TargetAttributes = {
					9ED85C0B1F1747990050883F = {
						CreatedOnToolsVersion = 8.3.2;
						DevelopmentTeam = C9C645VSQP;
						ProvisioningStyle = Automatic;
						SystemCapabilities = {
							com.apple.WAC = {
								enabled = 0;
							};
						};
					};
					9ED85C1F1F1747990050883F = {
						CreatedOnToolsVersion = 8.3.2;
						DevelopmentTeam = C9C645VSQP;
						ProvisioningStyle = Automatic;
						TestTargetID = 9ED85C0B1F1747990050883F;
					};
					9ED85C2A1F1747990050883F = {
						CreatedOnToolsVersion = 8.3.2;
						DevelopmentTeam = C9C645VSQP;
						ProvisioningStyle = Automatic;
						TestTargetID = 9ED85C0B1F1747990050883F;
					};
				};
			};
			buildConfigurationList = 9ED85C071F1747990050883F /* Build configuration list for PBXProject "Sample" */;
			compatibilityVersion = "Xcode 3.2";
			developmentRegion = English;
			hasScannedForEncodings = 0;
			knownRegions = (
				en,
				Base,
			);
			mainGroup = 9ED85C031F1747990050883F;
			productRefGroup = 9ED85C0D1F1747990050883F /* Products */;
			projectDirPath = "";
			projectRoot = "";
			targets = (
				9ED85C0B1F1747990050883F /* Sample */,
				9ED85C1F1F1747990050883F /* SampleTests */,
				9ED85C2A1F1747990050883F /* SampleUITests */,
			);
		};
/* End PBXProject section */

/* Begin PBXResourcesBuildPhase section */
		9ED85C0A1F1747990050883F /* Resources */ = {
			isa = PBXResourcesBuildPhase;
			buildActionMask = 2147483647;
			files = (
				9ED85C1A1F1747990050883F /* LaunchScreen.storyboard in Resources */,
				9ED85C171F1747990050883F /* Assets.xcassets in Resources */,
				9ED85C151F1747990050883F /* Main.storyboard in Resources */,
			);
			runOnlyForDeploymentPostprocessing = 0;
		};
		9ED85C1E1F1747990050883F /* Resources */ = {
			isa = PBXResourcesBuildPhase;
			buildActionMask = 2147483647;
			files = (
			);
			runOnlyForDeploymentPostprocessing = 0;
		};
		9ED85C291F1747990050883F /* Resources */ = {
			isa = PBXResourcesBuildPhase;
			buildActionMask = 2147483647;
			files = (
			);
			runOnlyForDeploymentPostprocessing = 0;
		};
/* End PBXResourcesBuildPhase section */

/* Begin PBXSourcesBuildPhase section */
		9ED85C081F1747990050883F /* Sources */ = {
			isa = PBXSourcesBuildPhase;
			buildActionMask = 2147483647;
			files = (
				9ED85C121F1747990050883F /* ViewController.swift in Sources */,
				9ED85C101F1747990050883F /* AppDelegate.swift in Sources */,
			);
			runOnlyForDeploymentPostprocessing = 0;
		};
		9ED85C1C1F1747990050883F /* Sources */ = {
			isa = PBXSourcesBuildPhase;
			buildActionMask = 2147483647;
			files = (
				9ED85C251F1747990050883F /* SampleTests.swift in Sources */,
			);
			runOnlyForDeploymentPostprocessing = 0;
		};
		9ED85C271F1747990050883F /* Sources */ = {
			isa = PBXSourcesBuildPhase;
			buildActionMask = 2147483647;
			files = (
				9ED85C301F1747990050883F /* SampleUITests.swift in Sources */,
			);
			runOnlyForDeploymentPostprocessing = 0;
		};
/* End PBXSourcesBuildPhase section */

/* Begin PBXTargetDependency section */
		9ED85C221F1747990050883F /* PBXTargetDependency */ = {
			isa = PBXTargetDependency;
			target = 9ED85C0B1F1747990050883F /* Sample */;
			targetProxy = 9ED85C211F1747990050883F /* PBXContainerItemProxy */;
		};
		9ED85C2D1F1747990050883F /* PBXTargetDependency */ = {
			isa = PBXTargetDependency;
			target = 9ED85C0B1F1747990050883F /* Sample */;
			targetProxy = 9ED85C2C1F1747990050883F /* PBXContainerItemProxy */;
		};
/* End PBXTargetDependency section */

/* Begin PBXVariantGroup section */
		9ED85C131F1747990050883F /* Main.storyboard */ = {
			isa = PBXVariantGroup;
			children = (
				9ED85C141F1747990050883F /* Base */,
			);
			name = Main.storyboard;
			sourceTree = "<group>";
		};
		9ED85C181F1747990050883F /* LaunchScreen.storyboard */ = {
			isa = PBXVariantGroup;
			children = (
				9ED85C191F1747990050883F /* Base */,
			);
			name = LaunchScreen.storyboard;
			sourceTree = "<group>";
		};
/* End PBXVariantGroup section */

/* Begin XCBuildConfiguration section */
		9ED85C321F1747990050883F /* Debug */ = {
			isa = XCBuildConfiguration;
			buildSettings = {
				ALWAYS_SEARCH_USER_PATHS = NO;
				CLANG_ANALYZER_NONNULL = YES;
				CLANG_ANALYZER_NUMBER_OBJECT_CONVERSION = YES_AGGRESSIVE;
				CLANG_CXX_LANGUAGE_STANDARD = "gnu++0x";
				CLANG_CXX_LIBRARY = "libc++";
				CLANG_ENABLE_MODULES = YES;
				CLANG_ENABLE_OBJC_ARC = YES;
				CLANG_WARN_BOOL_CONVERSION = YES;
				CLANG_WARN_CONSTANT_CONVERSION = YES;
				CLANG_WARN_DIRECT_OBJC_ISA_USAGE = YES_ERROR;
				CLANG_WARN_DOCUMENTATION_COMMENTS = YES;
				CLANG_WARN_EMPTY_BODY = YES;
				CLANG_WARN_ENUM_CONVERSION = YES;
				CLANG_WARN_INFINITE_RECURSION = YES;
				CLANG_WARN_INT_CONVERSION = YES;
				CLANG_WARN_OBJC_ROOT_CLASS = YES_ERROR;
				CLANG_WARN_SUSPICIOUS_MOVE = YES;
				CLANG_WARN_UNREACHABLE_CODE = YES;
				CLANG_WARN__DUPLICATE_METHOD_MATCH = YES;
				"CODE_SIGN_IDENTITY[sdk=iphoneos*]" = "iPhone Developer";
				COPY_PHASE_STRIP = NO;
				DEBUG_INFORMATION_FORMAT = dwarf;
				ENABLE_STRICT_OBJC_MSGSEND = YES;
				ENABLE_TESTABILITY = YES;
				GCC_C_LANGUAGE_STANDARD = gnu99;
				GCC_DYNAMIC_NO_PIC = NO;
				GCC_NO_COMMON_BLOCKS = YES;
				GCC_OPTIMIZATION_LEVEL = 0;
				GCC_PREPROCESSOR_DEFINITIONS = (
					"DEBUG=1",
					"$(inherited)",
				);
				GCC_WARN_64_TO_32_BIT_CONVERSION = YES;
				GCC_WARN_ABOUT_RETURN_TYPE = YES_ERROR;
				GCC_WARN_UNDECLARED_SELECTOR = YES;
				GCC_WARN_UNINITIALIZED_AUTOS = YES_AGGRESSIVE;
				GCC_WARN_UNUSED_FUNCTION = YES;
				GCC_WARN_UNUSED_VARIABLE = YES;
				IPHONEOS_DEPLOYMENT_TARGET = 10.3;
				MTL_ENABLE_DEBUG_INFO = YES;
				ONLY_ACTIVE_ARCH = YES;
				SDKROOT = iphoneos;
				SWIFT_ACTIVE_COMPILATION_CONDITIONS = DEBUG;
				SWIFT_OPTIMIZATION_LEVEL = "-Onone";
				TARGETED_DEVICE_FAMILY = "1,2";
			};
			name = Debug;
		};
		9ED85C331F1747990050883F /* Release */ = {
			isa = XCBuildConfiguration;
			buildSettings = {
				ALWAYS_SEARCH_USER_PATHS = NO;
				CLANG_ANALYZER_NONNULL = YES;
				CLANG_ANALYZER_NUMBER_OBJECT_CONVERSION = YES_AGGRESSIVE;
				CLANG_CXX_LANGUAGE_STANDARD = "gnu++0x";
				CLANG_CXX_LIBRARY = "libc++";
				CLANG_ENABLE_MODULES = YES;
				CLANG_ENABLE_OBJC_ARC = YES;
				CLANG_WARN_BOOL_CONVERSION = YES;
				CLANG_WARN_CONSTANT_CONVERSION = YES;
				CLANG_WARN_DIRECT_OBJC_ISA_USAGE = YES_ERROR;
				CLANG_WARN_DOCUMENTATION_COMMENTS = YES;
				CLANG_WARN_EMPTY_BODY = YES;
				CLANG_WARN_ENUM_CONVERSION = YES;
				CLANG_WARN_INFINITE_RECURSION = YES;
				CLANG_WARN_INT_CONVERSION = YES;
				CLANG_WARN_OBJC_ROOT_CLASS = YES_ERROR;
				CLANG_WARN_SUSPICIOUS_MOVE = YES;
				CLANG_WARN_UNREACHABLE_CODE = YES;
				CLANG_WARN__DUPLICATE_METHOD_MATCH = YES;
				"CODE_SIGN_IDENTITY[sdk=iphoneos*]" = "iPhone Developer";
				COPY_PHASE_STRIP = NO;
				DEBUG_INFORMATION_FORMAT = "dwarf-with-dsym";
				ENABLE_NS_ASSERTIONS = NO;
				ENABLE_STRICT_OBJC_MSGSEND = YES;
				GCC_C_LANGUAGE_STANDARD = gnu99;
				GCC_NO_COMMON_BLOCKS = YES;
				GCC_WARN_64_TO_32_BIT_CONVERSION = YES;
				GCC_WARN_ABOUT_RETURN_TYPE = YES_ERROR;
				GCC_WARN_UNDECLARED_SELECTOR = YES;
				GCC_WARN_UNINITIALIZED_AUTOS = YES_AGGRESSIVE;
				GCC_WARN_UNUSED_FUNCTION = YES;
				GCC_WARN_UNUSED_VARIABLE = YES;
				IPHONEOS_DEPLOYMENT_TARGET = 10.3;
				MTL_ENABLE_DEBUG_INFO = NO;
				SDKROOT = iphoneos;
				SWIFT_OPTIMIZATION_LEVEL = "-Owholemodule";
				TARGETED_DEVICE_FAMILY = "1,2";
				VALIDATE_PRODUCT = YES;
			};
			name = Release;
		};
		9ED85C351F1747990050883F /* Debug */ = {
			isa = XCBuildConfiguration;
			buildSettings = {
				ASSETCATALOG_COMPILER_APPICON_NAME = AppIcon;
				DEVELOPMENT_TEAM = C9C645VSQP;
				INFOPLIST_FILE = Sample/Info.plist;
				LD_RUNPATH_SEARCH_PATHS = "$(inherited) @executable_path/Frameworks";
				PRODUCT_BUNDLE_IDENTIFIER = com.philips.Sample;
				PRODUCT_NAME = "$(TARGET_NAME)";
				SWIFT_VERSION = 3.0;
			};
			name = Debug;
		};
		9ED85C361F1747990050883F /* Release */ = {
			isa = XCBuildConfiguration;
			buildSettings = {
				ASSETCATALOG_COMPILER_APPICON_NAME = AppIcon;
				DEVELOPMENT_TEAM = C9C645VSQP;
				INFOPLIST_FILE = Sample/Info.plist;
				LD_RUNPATH_SEARCH_PATHS = "$(inherited) @executable_path/Frameworks";
				PRODUCT_BUNDLE_IDENTIFIER = com.philips.Sample;
				PRODUCT_NAME = "$(TARGET_NAME)";
				SWIFT_VERSION = 3.0;
			};
			name = Release;
		};
		9ED85C381F1747990050883F /* Debug */ = {
			isa = XCBuildConfiguration;
			buildSettings = {
				ALWAYS_EMBED_SWIFT_STANDARD_LIBRARIES = YES;
				BUNDLE_LOADER = "$(TEST_HOST)";
				DEVELOPMENT_TEAM = C9C645VSQP;
				INFOPLIST_FILE = SampleTests/Info.plist;
				LD_RUNPATH_SEARCH_PATHS = "$(inherited) @executable_path/Frameworks @loader_path/Frameworks";
				PRODUCT_BUNDLE_IDENTIFIER = com.philips.SampleTests;
				PRODUCT_NAME = "$(TARGET_NAME)";
				SWIFT_VERSION = 3.0;
				TEST_HOST = "$(BUILT_PRODUCTS_DIR)/Sample.app/Sample";
			};
			name = Debug;
		};
		9ED85C391F1747990050883F /* Release */ = {
			isa = XCBuildConfiguration;
			buildSettings = {
				ALWAYS_EMBED_SWIFT_STANDARD_LIBRARIES = YES;
				BUNDLE_LOADER = "$(TEST_HOST)";
				DEVELOPMENT_TEAM = C9C645VSQP;
				INFOPLIST_FILE = SampleTests/Info.plist;
				LD_RUNPATH_SEARCH_PATHS = "$(inherited) @executable_path/Frameworks @loader_path/Frameworks";
				PRODUCT_BUNDLE_IDENTIFIER = com.philips.SampleTests;
				PRODUCT_NAME = "$(TARGET_NAME)";
				SWIFT_VERSION = 3.0;
				TEST_HOST = "$(BUILT_PRODUCTS_DIR)/Sample.app/Sample";
			};
			name = Release;
		};
		9ED85C3B1F1747990050883F /* Debug */ = {
			isa = XCBuildConfiguration;
			buildSettings = {
				ALWAYS_EMBED_SWIFT_STANDARD_LIBRARIES = YES;
				DEVELOPMENT_TEAM = C9C645VSQP;
				INFOPLIST_FILE = SampleUITests/Info.plist;
				LD_RUNPATH_SEARCH_PATHS = "$(inherited) @executable_path/Frameworks @loader_path/Frameworks";
				PRODUCT_BUNDLE_IDENTIFIER = com.philips.SampleUITests;
				PRODUCT_NAME = "$(TARGET_NAME)";
				SWIFT_VERSION = 3.0;
				TEST_TARGET_NAME = Sample;
			};
			name = Debug;
		};
		9ED85C3C1F1747990050883F /* Release */ = {
			isa = XCBuildConfiguration;
			buildSettings = {
				ALWAYS_EMBED_SWIFT_STANDARD_LIBRARIES = YES;
				DEVELOPMENT_TEAM = C9C645VSQP;
				INFOPLIST_FILE = SampleUITests/Info.plist;
				LD_RUNPATH_SEARCH_PATHS = "$(inherited) @executable_path/Frameworks @loader_path/Frameworks";
				PRODUCT_BUNDLE_IDENTIFIER = com.philips.SampleUITests;
				PRODUCT_NAME = "$(TARGET_NAME)";
				SWIFT_VERSION = 3.0;
				TEST_TARGET_NAME = Sample;
			};
			name = Release;
		};
/* End XCBuildConfiguration section */

/* Begin XCConfigurationList section */
		9ED85C071F1747990050883F /* Build configuration list for PBXProject "Sample" */ = {
			isa = XCConfigurationList;
			buildConfigurations = (
				9ED85C321F1747990050883F /* Debug */,
				9ED85C331F1747990050883F /* Release */,
			);
			defaultConfigurationIsVisible = 0;
			defaultConfigurationName = Release;
		};
		9ED85C341F1747990050883F /* Build configuration list for PBXNativeTarget "Sample" */ = {
			isa = XCConfigurationList;
			buildConfigurations = (
				9ED85C351F1747990050883F /* Debug */,
				9ED85C361F1747990050883F /* Release */,
			);
			defaultConfigurationIsVisible = 0;
		};
		9ED85C371F1747990050883F /* Build configuration list for PBXNativeTarget "SampleTests" */ = {
			isa = XCConfigurationList;
			buildConfigurations = (
				9ED85C381F1747990050883F /* Debug */,
				9ED85C391F1747990050883F /* Release */,
			);
			defaultConfigurationIsVisible = 0;
		};
		9ED85C3A1F1747990050883F /* Build configuration list for PBXNativeTarget "SampleUITests" */ = {
			isa = XCConfigurationList;
			buildConfigurations = (
				9ED85C3B1F1747990050883F /* Debug */,
				9ED85C3C1F1747990050883F /* Release */,
			);
			defaultConfigurationIsVisible = 0;
		};
/* End XCConfigurationList section */
	};
	rootObject = 9ED85C041F1747990050883F /* Project object */;
}
